
Microsoft Visual Studio Solution File, Format Version 12.00
# Visual Studio Version 17
VisualStudioVersion = 17.5.33209.295
MinimumVisualStudioVersion = 10.0.40219.1
Project("{FAE04EC0-301F-11D3-BF4B-00C04F79EFBC}") = "SlackUtil", "EmojiToggle\SlackUtil.csproj", "{CC9CDADC-8CCC-48DC-9D29-81ECCBF4B4ED}"
EndProject
Global
	GlobalSection(SolutionConfigurationPlatforms) = preSolution
		Debug|Any CPU = Debug|Any CPU
		Release|Any CPU = Release|Any CPU
	EndGlobalSection
	GlobalSection(ProjectConfigurationPlatforms) = postSolution
		{CC9CDADC-8CCC-48DC-9D29-81ECCBF4B4ED}.Debug|Any CPU.ActiveCfg = Debug|Any CPU
		{CC9CDADC-8CCC-48DC-9D29-81ECCBF4B4ED}.Debug|Any CPU.Build.0 = Debug|Any CPU
		{CC9CDADC-8CCC-48DC-9D29-81ECCBF4B4ED}.Release|Any CPU.ActiveCfg = Release|Any CPU
		{CC9CDADC-8CCC-48DC-9D29-81ECCBF4B4ED}.Release|Any CPU.Build.0 = Release|Any CPU
	EndGlobalSection
	GlobalSection(SolutionProperties) = preSolution
		HideSolutionNode = FALSE
	EndGlobalSection
	GlobalSection(ExtensibilityGlobals) = postSolution
		SolutionGuid = {632DA9DF-BA2E-4890-A22C-C144B4667A7B}
	EndGlobalSection
EndGlobal
